// !$*UTF8*$!
{
	archiveVersion = 1;
	classes = {
	};
	objectVersion = 46;
	objects = {

/* Begin PBXBuildFile section */
		1F53069D1D75D7C1009ECC60 /* AppDelegate.swift in Sources */ = {isa = PBXBuildFile; fileRef = 1F53069C1D75D7C1009ECC60 /* AppDelegate.swift */; };
		1F5306A21D75D7C1009ECC60 /* Main.storyboard in Resources */ = {isa = PBXBuildFile; fileRef = 1F5306A01D75D7C1009ECC60 /* Main.storyboard */; };
		1F5306A41D75D7C1009ECC60 /* Assets.xcassets in Resources */ = {isa = PBXBuildFile; fileRef = 1F5306A31D75D7C1009ECC60 /* Assets.xcassets */; };
		1F5306A71D75D7C1009ECC60 /* LaunchScreen.storyboard in Resources */ = {isa = PBXBuildFile; fileRef = 1F5306A51D75D7C1009ECC60 /* LaunchScreen.storyboard */; };
		1F5306AF1D75D898009ECC60 /* DeckCollectionViewController.swift in Sources */ = {isa = PBXBuildFile; fileRef = 1F5306AE1D75D898009ECC60 /* DeckCollectionViewController.swift */; };
		1F5306B21D75D8D8009ECC60 /* NetworkController.swift in Sources */ = {isa = PBXBuildFile; fileRef = 1F5306B11D75D8D8009ECC60 /* NetworkController.swift */; };
		1F5306B51D75D907009ECC60 /* Card.swift in Sources */ = {isa = PBXBuildFile; fileRef = 1F5306B41D75D907009ECC60 /* Card.swift */; };
		1F5306B81D75D956009ECC60 /* Suit.swift in Sources */ = {isa = PBXBuildFile; fileRef = 1F5306B71D75D956009ECC60 /* Suit.swift */; };
		1F5306BA1D75DA14009ECC60 /* CardValue.swift in Sources */ = {isa = PBXBuildFile; fileRef = 1F5306B91D75DA14009ECC60 /* CardValue.swift */; };
		1F5306BC1D75DE72009ECC60 /* Deck.swift in Sources */ = {isa = PBXBuildFile; fileRef = 1F5306BB1D75DE72009ECC60 /* Deck.swift */; };
		1F5306BE1D75DECD009ECC60 /* DeckController.swift in Sources */ = {isa = PBXBuildFile; fileRef = 1F5306BD1D75DECD009ECC60 /* DeckController.swift */; };
		1F5306C11D75E047009ECC60 /* DeckCollectionViewCell.swift in Sources */ = {isa = PBXBuildFile; fileRef = 1F5306C01D75E047009ECC60 /* DeckCollectionViewCell.swift */; };
		1F5306C31D75F150009ECC60 /* ImageController.swift in Sources */ = {isa = PBXBuildFile; fileRef = 1F5306C21D75F150009ECC60 /* ImageController.swift */; };
/* End PBXBuildFile section */

/* Begin PBXFileReference section */
		1F5306991D75D7C1009ECC60 /* DeckOfCardsCollectionView.app */ = {isa = PBXFileReference; explicitFileType = wrapper.application; includeInIndex = 0; path = DeckOfCardsCollectionView.app; sourceTree = BUILT_PRODUCTS_DIR; };
		1F53069C1D75D7C1009ECC60 /* AppDelegate.swift */ = {isa = PBXFileReference; lastKnownFileType = sourcecode.swift; path = AppDelegate.swift; sourceTree = "<group>"; };
		1F5306A11D75D7C1009ECC60 /* Base */ = {isa = PBXFileReference; lastKnownFileType = file.storyboard; name = Base; path = Base.lproj/Main.storyboard; sourceTree = "<group>"; };
		1F5306A31D75D7C1009ECC60 /* Assets.xcassets */ = {isa = PBXFileReference; lastKnownFileType = folder.assetcatalog; path = Assets.xcassets; sourceTree = "<group>"; };
		1F5306A61D75D7C1009ECC60 /* Base */ = {isa = PBXFileReference; lastKnownFileType = file.storyboard; name = Base; path = Base.lproj/LaunchScreen.storyboard; sourceTree = "<group>"; };
		1F5306A81D75D7C1009ECC60 /* Info.plist */ = {isa = PBXFileReference; lastKnownFileType = text.plist.xml; path = Info.plist; sourceTree = "<group>"; };
		1F5306AE1D75D898009ECC60 /* DeckCollectionViewController.swift */ = {isa = PBXFileReference; fileEncoding = 4; lastKnownFileType = sourcecode.swift; path = DeckCollectionViewController.swift; sourceTree = "<group>"; };
		1F5306B11D75D8D8009ECC60 /* NetworkController.swift */ = {isa = PBXFileReference; fileEncoding = 4; lastKnownFileType = sourcecode.swift; path = NetworkController.swift; sourceTree = "<group>"; };
		1F5306B41D75D907009ECC60 /* Card.swift */ = {isa = PBXFileReference; fileEncoding = 4; lastKnownFileType = sourcecode.swift; path = Card.swift; sourceTree = "<group>"; };
		1F5306B71D75D956009ECC60 /* Suit.swift */ = {isa = PBXFileReference; fileEncoding = 4; lastKnownFileType = sourcecode.swift; path = Suit.swift; sourceTree = "<group>"; };
		1F5306B91D75DA14009ECC60 /* CardValue.swift */ = {isa = PBXFileReference; fileEncoding = 4; lastKnownFileType = sourcecode.swift; path = CardValue.swift; sourceTree = "<group>"; };
		1F5306BB1D75DE72009ECC60 /* Deck.swift */ = {isa = PBXFileReference; fileEncoding = 4; lastKnownFileType = sourcecode.swift; path = Deck.swift; sourceTree = "<group>"; };
		1F5306BD1D75DECD009ECC60 /* DeckController.swift */ = {isa = PBXFileReference; fileEncoding = 4; lastKnownFileType = sourcecode.swift; path = DeckController.swift; sourceTree = "<group>"; };
		1F5306C01D75E047009ECC60 /* DeckCollectionViewCell.swift */ = {isa = PBXFileReference; fileEncoding = 4; lastKnownFileType = sourcecode.swift; path = DeckCollectionViewCell.swift; sourceTree = "<group>"; };
		1F5306C21D75F150009ECC60 /* ImageController.swift */ = {isa = PBXFileReference; fileEncoding = 4; lastKnownFileType = sourcecode.swift; path = ImageController.swift; sourceTree = "<group>"; };
/* End PBXFileReference section */

/* Begin PBXFrameworksBuildPhase section */
		1F5306961D75D7C1009ECC60 /* Frameworks */ = {
			isa = PBXFrameworksBuildPhase;
			buildActionMask = 2147483647;
			files = (
			);
			runOnlyForDeploymentPostprocessing = 0;
		};
/* End PBXFrameworksBuildPhase section */

/* Begin PBXGroup section */
		1F5306901D75D7C1009ECC60 = {
			isa = PBXGroup;
			children = (
				1F53069B1D75D7C1009ECC60 /* DeckOfCardsCollectionView */,
				1F53069A1D75D7C1009ECC60 /* Products */,
			);
			sourceTree = "<group>";
		};
		1F53069A1D75D7C1009ECC60 /* Products */ = {
			isa = PBXGroup;
			children = (
				1F5306991D75D7C1009ECC60 /* DeckOfCardsCollectionView.app */,
			);
			name = Products;
			sourceTree = "<group>";
		};
		1F53069B1D75D7C1009ECC60 /* DeckOfCardsCollectionView */ = {
			isa = PBXGroup;
			children = (
				1F53069C1D75D7C1009ECC60 /* AppDelegate.swift */,
				1F5306B61D75D90D009ECC60 /* Model */,
				1F5306BF1D75DED0009ECC60 /* ModelController */,
				1F5306B31D75D8EA009ECC60 /* OtherController */,
				1F5306B01D75D8A1009ECC60 /* ViewController */,
				1F5306A31D75D7C1009ECC60 /* Assets.xcassets */,
				1F5306A81D75D7C1009ECC60 /* Info.plist */,
				1F5306A51D75D7C1009ECC60 /* LaunchScreen.storyboard */,
				1F5306A01D75D7C1009ECC60 /* Main.storyboard */,
			);
			path = DeckOfCardsCollectionView;
			sourceTree = "<group>";
		};
		1F5306B01D75D8A1009ECC60 /* ViewController */ = {
			isa = PBXGroup;
			children = (
				1F5306AE1D75D898009ECC60 /* DeckCollectionViewController.swift */,
				1F5306C01D75E047009ECC60 /* DeckCollectionViewCell.swift */,
			);
			name = ViewController;
			sourceTree = "<group>";
		};
		1F5306B31D75D8EA009ECC60 /* OtherController */ = {
			isa = PBXGroup;
			children = (
				1F5306B11D75D8D8009ECC60 /* NetworkController.swift */,
			);
			name = OtherController;
			sourceTree = "<group>";
		};
		1F5306B61D75D90D009ECC60 /* Model */ = {
			isa = PBXGroup;
			children = (
				1F5306B41D75D907009ECC60 /* Card.swift */,
				1F5306B91D75DA14009ECC60 /* CardValue.swift */,
				1F5306B71D75D956009ECC60 /* Suit.swift */,
				1F5306BB1D75DE72009ECC60 /* Deck.swift */,
			);
			name = Model;
			sourceTree = "<group>";
		};
		1F5306BF1D75DED0009ECC60 /* ModelController */ = {
			isa = PBXGroup;
			children = (
				1F5306BD1D75DECD009ECC60 /* DeckController.swift */,
				1F5306C21D75F150009ECC60 /* ImageController.swift */,
			);
			name = ModelController;
			sourceTree = "<group>";
		};
/* End PBXGroup section */

/* Begin PBXNativeTarget section */
		1F5306981D75D7C1009ECC60 /* DeckOfCardsCollectionView */ = {
			isa = PBXNativeTarget;
			buildConfigurationList = 1F5306AB1D75D7C1009ECC60 /* Build configuration list for PBXNativeTarget "DeckOfCardsCollectionView" */;
			buildPhases = (
				1F5306951D75D7C1009ECC60 /* Sources */,
				1F5306961D75D7C1009ECC60 /* Frameworks */,
				1F5306971D75D7C1009ECC60 /* Resources */,
			);
			buildRules = (
			);
			dependencies = (
			);
			name = DeckOfCardsCollectionView;
			productName = DeckOfCardsCollectionView;
			productReference = 1F5306991D75D7C1009ECC60 /* DeckOfCardsCollectionView.app */;
			productType = "com.apple.product-type.application";
		};
/* End PBXNativeTarget section */

/* Begin PBXProject section */
		1F5306911D75D7C1009ECC60 /* Project object */ = {
			isa = PBXProject;
			attributes = {
				LastSwiftUpdateCheck = 0730;
				LastUpgradeCheck = 0730;
				ORGANIZATIONNAME = JCN;
				TargetAttributes = {
					1F5306981D75D7C1009ECC60 = {
						CreatedOnToolsVersion = 7.3.1;
					};
				};
			};
			buildConfigurationList = 1F5306941D75D7C1009ECC60 /* Build configuration list for PBXProject "DeckOfCardsCollectionView" */;
			compatibilityVersion = "Xcode 3.2";
			developmentRegion = English;
			hasScannedForEncodings = 0;
			knownRegions = (
				en,
				Base,
			);
			mainGroup = 1F5306901D75D7C1009ECC60;
			productRefGroup = 1F53069A1D75D7C1009ECC60 /* Products */;
			projectDirPath = "";
			projectRoot = "";
			targets = (
				1F5306981D75D7C1009ECC60 /* DeckOfCardsCollectionView */,
			);
		};
/* End PBXProject section */

/* Begin PBXResourcesBuildPhase section */
		1F5306971D75D7C1009ECC60 /* Resources */ = {
			isa = PBXResourcesBuildPhase;
			buildActionMask = 2147483647;
			files = (
				1F5306A71D75D7C1009ECC60 /* LaunchScreen.storyboard in Resources */,
				1F5306A41D75D7C1009ECC60 /* Assets.xcassets in Resources */,
				1F5306A21D75D7C1009ECC60 /* Main.storyboard in Resources */,
			);
			runOnlyForDeploymentPostprocessing = 0;
		};
/* End PBXResourcesBuildPhase section */

/* Begin PBXSourcesBuildPhase section */
		1F5306951D75D7C1009ECC60 /* Sources */ = {
			isa = PBXSourcesBuildPhase;
			buildActionMask = 2147483647;
			files = (
				1F5306BC1D75DE72009ECC60 /* Deck.swift in Sources */,
				1F53069D1D75D7C1009ECC60 /* AppDelegate.swift in Sources */,
				1F5306C11D75E047009ECC60 /* DeckCollectionViewCell.swift in Sources */,
				1F5306BE1D75DECD009ECC60 /* DeckController.swift in Sources */,
				1F5306B81D75D956009ECC60 /* Suit.swift in Sources */,
				1F5306C31D75F150009ECC60 /* ImageController.swift in Sources */,
				1F5306AF1D75D898009ECC60 /* DeckCollectionViewController.swift in Sources */,
				1F5306B21D75D8D8009ECC60 /* NetworkController.swift in Sources */,
				1F5306B51D75D907009ECC60 /* Card.swift in Sources */,
				1F5306BA1D75DA14009ECC60 /* CardValue.swift in Sources */,
			);
			runOnlyForDeploymentPostprocessing = 0;
		};
/* End PBXSourcesBuildPhase section */

/* Begin PBXVariantGroup section */
		1F5306A01D75D7C1009ECC60 /* Main.storyboard */ = {
			isa = PBXVariantGroup;
			children = (
				1F5306A11D75D7C1009ECC60 /* Base */,
			);
			name = Main.storyboard;
			sourceTree = "<group>";
		};
		1F5306A51D75D7C1009ECC60 /* LaunchScreen.storyboard */ = {
			isa = PBXVariantGroup;
			children = (
				1F5306A61D75D7C1009ECC60 /* Base */,
			);
			name = LaunchScreen.storyboard;
			sourceTree = "<group>";
		};
/* End PBXVariantGroup section */

/* Begin XCBuildConfiguration section */
		1F5306A91D75D7C1009ECC60 /* Debug */ = {
			isa = XCBuildConfiguration;
			buildSettings = {
				ALWAYS_SEARCH_USER_PATHS = NO;
				CLANG_ANALYZER_NONNULL = YES;
				CLANG_CXX_LANGUAGE_STANDARD = "gnu++0x";
				CLANG_CXX_LIBRARY = "libc++";
				CLANG_ENABLE_MODULES = YES;
				CLANG_ENABLE_OBJC_ARC = YES;
				CLANG_WARN_BOOL_CONVERSION = YES;
				CLANG_WARN_CONSTANT_CONVERSION = YES;
				CLANG_WARN_DIRECT_OBJC_ISA_USAGE = YES_ERROR;
				CLANG_WARN_EMPTY_BODY = YES;
				CLANG_WARN_ENUM_CONVERSION = YES;
				CLANG_WARN_INT_CONVERSION = YES;
				CLANG_WARN_OBJC_ROOT_CLASS = YES_ERROR;
				CLANG_WARN_UNREACHABLE_CODE = YES;
				CLANG_WARN__DUPLICATE_METHOD_MATCH = YES;
				"CODE_SIGN_IDENTITY[sdk=iphoneos*]" = "iPhone Developer";
				COPY_PHASE_STRIP = NO;
				DEBUG_INFORMATION_FORMAT = dwarf;
				ENABLE_STRICT_OBJC_MSGSEND = YES;
				ENABLE_TESTABILITY = YES;
				GCC_C_LANGUAGE_STANDARD = gnu99;
				GCC_DYNAMIC_NO_PIC = NO;
				GCC_NO_COMMON_BLOCKS = YES;
				GCC_OPTIMIZATION_LEVEL = 0;
				GCC_PREPROCESSOR_DEFINITIONS = (
					"DEBUG=1",
					"$(inherited)",
				);
				GCC_WARN_64_TO_32_BIT_CONVERSION = YES;
				GCC_WARN_ABOUT_RETURN_TYPE = YES_ERROR;
				GCC_WARN_UNDECLARED_SELECTOR = YES;
				GCC_WARN_UNINITIALIZED_AUTOS = YES_AGGRESSIVE;
				GCC_WARN_UNUSED_FUNCTION = YES;
				GCC_WARN_UNUSED_VARIABLE = YES;
				IPHONEOS_DEPLOYMENT_TARGET = 9.3;
				MTL_ENABLE_DEBUG_INFO = YES;
				ONLY_ACTIVE_ARCH = YES;
				SDKROOT = iphoneos;
				SWIFT_OPTIMIZATION_LEVEL = "-Onone";
				TARGETED_DEVICE_FAMILY = "1,2";
			};
			name = Debug;
		};
		1F5306AA1D75D7C1009ECC60 /* Release */ = {
			isa = XCBuildConfiguration;
			buildSettings = {
				ALWAYS_SEARCH_USER_PATHS = NO;
				CLANG_ANALYZER_NONNULL = YES;
				CLANG_CXX_LANGUAGE_STANDARD = "gnu++0x";
				CLANG_CXX_LIBRARY = "libc++";
				CLANG_ENABLE_MODULES = YES;
				CLANG_ENABLE_OBJC_ARC = YES;
				CLANG_WARN_BOOL_CONVERSION = YES;
				CLANG_WARN_CONSTANT_CONVERSION = YES;
				CLANG_WARN_DIRECT_OBJC_ISA_USAGE = YES_ERROR;
				CLANG_WARN_EMPTY_BODY = YES;
				CLANG_WARN_ENUM_CONVERSION = YES;
				CLANG_WARN_INT_CONVERSION = YES;
				CLANG_WARN_OBJC_ROOT_CLASS = YES_ERROR;
				CLANG_WARN_UNREACHABLE_CODE = YES;
				CLANG_WARN__DUPLICATE_METHOD_MATCH = YES;
				"CODE_SIGN_IDENTITY[sdk=iphoneos*]" = "iPhone Developer";
				COPY_PHASE_STRIP = NO;
				DEBUG_INFORMATION_FORMAT = "dwarf-with-dsym";
				ENABLE_NS_ASSERTIONS = NO;
				ENABLE_STRICT_OBJC_MSGSEND = YES;
				GCC_C_LANGUAGE_STANDARD = gnu99;
				GCC_NO_COMMON_BLOCKS = YES;
				GCC_WARN_64_TO_32_BIT_CONVERSION = YES;
				GCC_WARN_ABOUT_RETURN_TYPE = YES_ERROR;
				GCC_WARN_UNDECLARED_SELECTOR = YES;
				GCC_WARN_UNINITIALIZED_AUTOS = YES_AGGRESSIVE;
				GCC_WARN_UNUSED_FUNCTION = YES;
				GCC_WARN_UNUSED_VARIABLE = YES;
				IPHONEOS_DEPLOYMENT_TARGET = 9.3;
				MTL_ENABLE_DEBUG_INFO = NO;
				SDKROOT = iphoneos;
				TARGETED_DEVICE_FAMILY = "1,2";
				VALIDATE_PRODUCT = YES;
			};
			name = Release;
		};
		1F5306AC1D75D7C1009ECC60 /* Debug */ = {
			isa = XCBuildConfiguration;
			buildSettings = {
				ASSETCATALOG_COMPILER_APPICON_NAME = AppIcon;
				INFOPLIST_FILE = DeckOfCardsCollectionView/Info.plist;
				LD_RUNPATH_SEARCH_PATHS = "$(inherited) @executable_path/Frameworks";
				PRODUCT_BUNDLE_IDENTIFIER = com.jcn.DeckOfCardsCollectionView;
				PRODUCT_NAME = "$(TARGET_NAME)";
			};
			name = Debug;
		};
		1F5306AD1D75D7C1009ECC60 /* Release */ = {
			isa = XCBuildConfiguration;
			buildSettings = {
				ASSETCATALOG_COMPILER_APPICON_NAME = AppIcon;
				INFOPLIST_FILE = DeckOfCardsCollectionView/Info.plist;
				LD_RUNPATH_SEARCH_PATHS = "$(inherited) @executable_path/Frameworks";
				PRODUCT_BUNDLE_IDENTIFIER = com.jcn.DeckOfCardsCollectionView;
				PRODUCT_NAME = "$(TARGET_NAME)";
			};
			name = Release;
		};
/* End XCBuildConfiguration section */

/* Begin XCConfigurationList section */
		1F5306941D75D7C1009ECC60 /* Build configuration list for PBXProject "DeckOfCardsCollectionView" */ = {
			isa = XCConfigurationList;
			buildConfigurations = (
				1F5306A91D75D7C1009ECC60 /* Debug */,
				1F5306AA1D75D7C1009ECC60 /* Release */,
			);
			defaultConfigurationIsVisible = 0;
			defaultConfigurationName = Release;
		};
		1F5306AB1D75D7C1009ECC60 /* Build configuration list for PBXNativeTarget "DeckOfCardsCollectionView" */ = {
			isa = XCConfigurationList;
			buildConfigurations = (
				1F5306AC1D75D7C1009ECC60 /* Debug */,
				1F5306AD1D75D7C1009ECC60 /* Release */,
			);
			defaultConfigurationIsVisible = 0;
			defaultConfigurationName = Release;
		};
/* End XCConfigurationList section */
	};
	rootObject = 1F5306911D75D7C1009ECC60 /* Project object */;
}
